
Microsoft Visual Studio Solution File, Format Version 12.00
# Visual Studio 15
VisualStudioVersion = 15.0.26730.12
MinimumVisualStudioVersion = 10.0.40219.1
Project("{FAE04EC0-301F-11D3-BF4B-00C04F79EFBC}") = "AbaSim.Core", "AbaSim.Core\AbaSim.Core.csproj", "{68B2339F-CD0A-4439-A497-E12108A6237E}"
EndProject
Project("{2150E333-8FDC-42A3-9474-1A3956D46DE8}") = "Meta", "Meta", "{00DBEC4E-9441-4515-95C0-54A5EF55CABC}"
	ProjectSection(SolutionItems) = preProject
		readme.md = readme.md
	EndProjectSection
EndProject
Project("{FAE04EC0-301F-11D3-BF4B-00C04F79EFBC}") = "AbaSim.ConsoleRunner", "AbaSim.ConsoleRunner\AbaSim.ConsoleRunner.csproj", "{86908B2B-282D-4626-B20E-A3DCBB0CAF67}"
EndProject
Project("{FAE04EC0-301F-11D3-BF4B-00C04F79EFBC}") = "AbaSim.ConsoleCompiler", "AbaSim.ConsoleCompiler\AbaSim.ConsoleCompiler.csproj", "{FC4697B5-DF44-4A43-A6BC-6E442C30C940}"
EndProject
Project("{FAE04EC0-301F-11D3-BF4B-00C04F79EFBC}") = "AbaSim.Wpf", "AbaSim.Wpf\AbaSim.Wpf.csproj", "{F72A1A9D-E9D7-4C24-B671-09E73495DD1D}"
EndProject
Project("{2150E333-8FDC-42A3-9474-1A3956D46DE8}") = "Example Applications", "Example Applications", "{95F60792-92BF-4615-AFC8-4182338E13DD}"
	ProjectSection(SolutionItems) = preProject
		Example Programs\JumpOut.assembly = Example Programs\JumpOut.assembly
		Example Programs\Stack.assembly = Example Programs\Stack.assembly
	EndProjectSection
EndProject
Global
	GlobalSection(SolutionConfigurationPlatforms) = preSolution
		Debug|Any CPU = Debug|Any CPU
		Debug|ARM = Debug|ARM
		Debug|x64 = Debug|x64
		Debug|x86 = Debug|x86
		Release|Any CPU = Release|Any CPU
		Release|ARM = Release|ARM
		Release|x64 = Release|x64
		Release|x86 = Release|x86
	EndGlobalSection
	GlobalSection(ProjectConfigurationPlatforms) = postSolution
		{68B2339F-CD0A-4439-A497-E12108A6237E}.Debug|Any CPU.ActiveCfg = Debug|Any CPU
		{68B2339F-CD0A-4439-A497-E12108A6237E}.Debug|Any CPU.Build.0 = Debug|Any CPU
		{68B2339F-CD0A-4439-A497-E12108A6237E}.Debug|ARM.ActiveCfg = Debug|Any CPU
		{68B2339F-CD0A-4439-A497-E12108A6237E}.Debug|ARM.Build.0 = Debug|Any CPU
		{68B2339F-CD0A-4439-A497-E12108A6237E}.Debug|x64.ActiveCfg = Debug|Any CPU
		{68B2339F-CD0A-4439-A497-E12108A6237E}.Debug|x64.Build.0 = Debug|Any CPU
		{68B2339F-CD0A-4439-A497-E12108A6237E}.Debug|x86.ActiveCfg = Debug|Any CPU
		{68B2339F-CD0A-4439-A497-E12108A6237E}.Debug|x86.Build.0 = Debug|Any CPU
		{68B2339F-CD0A-4439-A497-E12108A6237E}.Release|Any CPU.ActiveCfg = Release|Any CPU
		{68B2339F-CD0A-4439-A497-E12108A6237E}.Release|Any CPU.Build.0 = Release|Any CPU
		{68B2339F-CD0A-4439-A497-E12108A6237E}.Release|ARM.ActiveCfg = Release|Any CPU
		{68B2339F-CD0A-4439-A497-E12108A6237E}.Release|ARM.Build.0 = Release|Any CPU
		{68B2339F-CD0A-4439-A497-E12108A6237E}.Release|x64.ActiveCfg = Release|Any CPU
		{68B2339F-CD0A-4439-A497-E12108A6237E}.Release|x64.Build.0 = Release|Any CPU
		{68B2339F-CD0A-4439-A497-E12108A6237E}.Release|x86.ActiveCfg = Release|Any CPU
		{68B2339F-CD0A-4439-A497-E12108A6237E}.Release|x86.Build.0 = Release|Any CPU
		{86908B2B-282D-4626-B20E-A3DCBB0CAF67}.Debug|Any CPU.ActiveCfg = Debug|Any CPU
		{86908B2B-282D-4626-B20E-A3DCBB0CAF67}.Debug|Any CPU.Build.0 = Debug|Any CPU
		{86908B2B-282D-4626-B20E-A3DCBB0CAF67}.Debug|ARM.ActiveCfg = Debug|Any CPU
		{86908B2B-282D-4626-B20E-A3DCBB0CAF67}.Debug|ARM.Build.0 = Debug|Any CPU
		{86908B2B-282D-4626-B20E-A3DCBB0CAF67}.Debug|x64.ActiveCfg = Debug|Any CPU
		{86908B2B-282D-4626-B20E-A3DCBB0CAF67}.Debug|x64.Build.0 = Debug|Any CPU
		{86908B2B-282D-4626-B20E-A3DCBB0CAF67}.Debug|x86.ActiveCfg = Debug|Any CPU
		{86908B2B-282D-4626-B20E-A3DCBB0CAF67}.Debug|x86.Build.0 = Debug|Any CPU
		{86908B2B-282D-4626-B20E-A3DCBB0CAF67}.Release|Any CPU.ActiveCfg = Release|Any CPU
		{86908B2B-282D-4626-B20E-A3DCBB0CAF67}.Release|Any CPU.Build.0 = Release|Any CPU
		{86908B2B-282D-4626-B20E-A3DCBB0CAF67}.Release|ARM.ActiveCfg = Release|Any CPU
		{86908B2B-282D-4626-B20E-A3DCBB0CAF67}.Release|ARM.Build.0 = Release|Any CPU
		{86908B2B-282D-4626-B20E-A3DCBB0CAF67}.Release|x64.ActiveCfg = Release|Any CPU
		{86908B2B-282D-4626-B20E-A3DCBB0CAF67}.Release|x64.Build.0 = Release|Any CPU
		{86908B2B-282D-4626-B20E-A3DCBB0CAF67}.Release|x86.ActiveCfg = Release|Any CPU
		{86908B2B-282D-4626-B20E-A3DCBB0CAF67}.Release|x86.Build.0 = Release|Any CPU
		{FC4697B5-DF44-4A43-A6BC-6E442C30C940}.Debug|Any CPU.ActiveCfg = Debug|Any CPU
		{FC4697B5-DF44-4A43-A6BC-6E442C30C940}.Debug|Any CPU.Build.0 = Debug|Any CPU
		{FC4697B5-DF44-4A43-A6BC-6E442C30C940}.Debug|ARM.ActiveCfg = Debug|Any CPU
		{FC4697B5-DF44-4A43-A6BC-6E442C30C940}.Debug|ARM.Build.0 = Debug|Any CPU
		{FC4697B5-DF44-4A43-A6BC-6E442C30C940}.Debug|x64.ActiveCfg = Debug|Any CPU
		{FC4697B5-DF44-4A43-A6BC-6E442C30C940}.Debug|x64.Build.0 = Debug|Any CPU
		{FC4697B5-DF44-4A43-A6BC-6E442C30C940}.Debug|x86.ActiveCfg = Debug|Any CPU
		{FC4697B5-DF44-4A43-A6BC-6E442C30C940}.Debug|x86.Build.0 = Debug|Any CPU
		{FC4697B5-DF44-4A43-A6BC-6E442C30C940}.Release|Any CPU.ActiveCfg = Release|Any CPU
		{FC4697B5-DF44-4A43-A6BC-6E442C30C940}.Release|Any CPU.Build.0 = Release|Any CPU
		{FC4697B5-DF44-4A43-A6BC-6E442C30C940}.Release|ARM.ActiveCfg = Release|Any CPU
		{FC4697B5-DF44-4A43-A6BC-6E442C30C940}.Release|ARM.Build.0 = Release|Any CPU
		{FC4697B5-DF44-4A43-A6BC-6E442C30C940}.Release|x64.ActiveCfg = Release|Any CPU
		{FC4697B5-DF44-4A43-A6BC-6E442C30C940}.Release|x64.Build.0 = Release|Any CPU
		{FC4697B5-DF44-4A43-A6BC-6E442C30C940}.Release|x86.ActiveCfg = Release|Any CPU
		{FC4697B5-DF44-4A43-A6BC-6E442C30C940}.Release|x86.Build.0 = Release|Any CPU
		{F72A1A9D-E9D7-4C24-B671-09E73495DD1D}.Debug|Any CPU.ActiveCfg = Debug|Any CPU
		{F72A1A9D-E9D7-4C24-B671-09E73495DD1D}.Debug|Any CPU.Build.0 = Debug|Any CPU
		{F72A1A9D-E9D7-4C24-B671-09E73495DD1D}.Debug|ARM.ActiveCfg = Debug|Any CPU
		{F72A1A9D-E9D7-4C24-B671-09E73495DD1D}.Debug|ARM.Build.0 = Debug|Any CPU
		{F72A1A9D-E9D7-4C24-B671-09E73495DD1D}.Debug|x64.ActiveCfg = Debug|Any CPU
		{F72A1A9D-E9D7-4C24-B671-09E73495DD1D}.Debug|x64.Build.0 = Debug|Any CPU
		{F72A1A9D-E9D7-4C24-B671-09E73495DD1D}.Debug|x86.ActiveCfg = Debug|Any CPU
		{F72A1A9D-E9D7-4C24-B671-09E73495DD1D}.Debug|x86.Build.0 = Debug|Any CPU
		{F72A1A9D-E9D7-4C24-B671-09E73495DD1D}.Release|Any CPU.ActiveCfg = Release|Any CPU
		{F72A1A9D-E9D7-4C24-B671-09E73495DD1D}.Release|Any CPU.Build.0 = Release|Any CPU
		{F72A1A9D-E9D7-4C24-B671-09E73495DD1D}.Release|ARM.ActiveCfg = Release|Any CPU
		{F72A1A9D-E9D7-4C24-B671-09E73495DD1D}.Release|ARM.Build.0 = Release|Any CPU
		{F72A1A9D-E9D7-4C24-B671-09E73495DD1D}.Release|x64.ActiveCfg = Release|Any CPU
		{F72A1A9D-E9D7-4C24-B671-09E73495DD1D}.Release|x64.Build.0 = Release|Any CPU
		{F72A1A9D-E9D7-4C24-B671-09E73495DD1D}.Release|x86.ActiveCfg = Release|Any CPU
		{F72A1A9D-E9D7-4C24-B671-09E73495DD1D}.Release|x86.Build.0 = Release|Any CPU
	EndGlobalSection
	GlobalSection(SolutionProperties) = preSolution
		HideSolutionNode = FALSE
	EndGlobalSection
	GlobalSection(ExtensibilityGlobals) = postSolution
		SolutionGuid = {2374EADB-3B8B-43B3-8CCB-04EB2ADE9325}
	EndGlobalSection
EndGlobal
